
Microsoft Visual Studio Solution File, Format Version 12.00
# Visual Studio 15
VisualStudioVersion = 15.0.28010.2050
MinimumVisualStudioVersion = 10.0.40219.1
Project("{FAE04EC0-301F-11D3-BF4B-00C04F79EFBC}") = "PhotographyAutomation.App", "PhotographyAutomation.App\PhotographyAutomation.App.csproj", "{36DE565C-6DDF-4947-B699-B66D8A2334B7}"
EndProject
Global
	GlobalSection(SolutionConfigurationPlatforms) = preSolution
		Debug|Any CPU = Debug|Any CPU
		Release|Any CPU = Release|Any CPU
	EndGlobalSection
	GlobalSection(ProjectConfigurationPlatforms) = postSolution
		{36DE565C-6DDF-4947-B699-B66D8A2334B7}.Debug|Any CPU.ActiveCfg = Debug|Any CPU
		{36DE565C-6DDF-4947-B699-B66D8A2334B7}.Debug|Any CPU.Build.0 = Debug|Any CPU
		{36DE565C-6DDF-4947-B699-B66D8A2334B7}.Release|Any CPU.ActiveCfg = Release|Any CPU
		{36DE565C-6DDF-4947-B699-B66D8A2334B7}.Release|Any CPU.Build.0 = Release|Any CPU
	EndGlobalSection
	GlobalSection(SolutionProperties) = preSolution
		HideSolutionNode = FALSE
	EndGlobalSection
	GlobalSection(ExtensibilityGlobals) = postSolution
		SolutionGuid = {48A87DCE-BD78-4F38-8CF3-D02A4C7637F9}
	EndGlobalSection
EndGlobal
